// !$*UTF8*$!
{
	archiveVersion = 1;
	classes = {
	};
	objectVersion = 46;
	objects = {

/* Begin PBXBuildFile section */
		4A61441FC267525D16E5916F /* Pods_StreamismTests.framework in Frameworks */ = {isa = PBXBuildFile; fileRef = D5BFAF717610073C0F1FE623 /* Pods_StreamismTests.framework */; };
		5328C24E1C932ECD0DE3C341 /* Pods_StreamismUITests.framework in Frameworks */ = {isa = PBXBuildFile; fileRef = C3BE6E0F10FBD02F6C5CDE48 /* Pods_StreamismUITests.framework */; };
		7701AF6F1F5A1FBE006D3804 /* StreamList.swift in Sources */ = {isa = PBXBuildFile; fileRef = 7701AF6E1F5A1FBE006D3804 /* StreamList.swift */; };
		7701AF711F5A266D006D3804 /* StreamCategoryList.swift in Sources */ = {isa = PBXBuildFile; fileRef = 7701AF701F5A266D006D3804 /* StreamCategoryList.swift */; };
		7701AF731F6361D6006D3804 /* PreferenceViewController.swift in Sources */ = {isa = PBXBuildFile; fileRef = 7701AF721F6361D6006D3804 /* PreferenceViewController.swift */; };
		771C355D1F4B8FEE00BC3764 /* GoogleService-Info.plist in Resources */ = {isa = PBXBuildFile; fileRef = 771C355C1F4B8FEE00BC3764 /* GoogleService-Info.plist */; };
		771C355F1F4B91FA00BC3764 /* StreamDatabase.swift in Sources */ = {isa = PBXBuildFile; fileRef = 771C355E1F4B91FA00BC3764 /* StreamDatabase.swift */; };
		771C35611F4BADFD00BC3764 /* StreamCategory.swift in Sources */ = {isa = PBXBuildFile; fileRef = 771C35601F4BADFD00BC3764 /* StreamCategory.swift */; };
		771C35631F4E70D900BC3764 /* StreamCategoryPreference.swift in Sources */ = {isa = PBXBuildFile; fileRef = 771C35621F4E70D900BC3764 /* StreamCategoryPreference.swift */; };
		772482B71F7EF6960099E715 /* PreferenceToggle.swift in Sources */ = {isa = PBXBuildFile; fileRef = 772482B61F7EF6960099E715 /* PreferenceToggle.swift */; };
		77401FAA1F969EDA0025223C /* TestStreamList.swift in Sources */ = {isa = PBXBuildFile; fileRef = 77401FA91F969EDA0025223C /* TestStreamList.swift */; };
		774BA4B21F900FE20055971E /* TestStreamCategory.swift in Sources */ = {isa = PBXBuildFile; fileRef = 774BA4B11F900FE20055971E /* TestStreamCategory.swift */; };
		774BA4B41F9012030055971E /* TestStreamCategoryPreference.swift in Sources */ = {isa = PBXBuildFile; fileRef = 774BA4B31F9012030055971E /* TestStreamCategoryPreference.swift */; };
		774BA4B61F9016530055971E /* TestStreamCategoryList.swift in Sources */ = {isa = PBXBuildFile; fileRef = 774BA4B51F9016530055971E /* TestStreamCategoryList.swift */; };
		7760EB971F45016D008AD53D /* StreamGridCell.swift in Sources */ = {isa = PBXBuildFile; fileRef = 7760EB961F45016D008AD53D /* StreamGridCell.swift */; };
		7793A5901F3BD3C80085085B /* Main.storyboard in Resources */ = {isa = PBXBuildFile; fileRef = 7793A58E1F3BD3C80085085B /* Main.storyboard */; };
		7793A5921F3BD3C80085085B /* Assets.xcassets in Resources */ = {isa = PBXBuildFile; fileRef = 7793A5911F3BD3C80085085B /* Assets.xcassets */; };
		7793A5951F3BD3C80085085B /* LaunchScreen.storyboard in Resources */ = {isa = PBXBuildFile; fileRef = 7793A5931F3BD3C80085085B /* LaunchScreen.storyboard */; };
		7793A5A01F3BD3C80085085B /* TestStream.swift in Sources */ = {isa = PBXBuildFile; fileRef = 7793A59F1F3BD3C80085085B /* TestStream.swift */; };
		7793A5AB1F3BD3C80085085B /* StreamismUITests.swift in Sources */ = {isa = PBXBuildFile; fileRef = 7793A5AA1F3BD3C80085085B /* StreamismUITests.swift */; };
		77A50A1D1F439C0D00A3D5BA /* AppDelegate.swift in Sources */ = {isa = PBXBuildFile; fileRef = 77A50A1C1F439C0D00A3D5BA /* AppDelegate.swift */; };
		77A50A1F1F439C1B00A3D5BA /* MainViewController.swift in Sources */ = {isa = PBXBuildFile; fileRef = 77A50A1E1F439C1B00A3D5BA /* MainViewController.swift */; };
		77A50A231F439FB300A3D5BA /* Stream.swift in Sources */ = {isa = PBXBuildFile; fileRef = 77A50A221F439FB300A3D5BA /* Stream.swift */; };
		77A50A281F43BCF300A3D5BA /* StreamFlowLayout.swift in Sources */ = {isa = PBXBuildFile; fileRef = 77A50A271F43BCF300A3D5BA /* StreamFlowLayout.swift */; };
		77A50A2A1F43C0A800A3D5BA /* StreamGridController.swift in Sources */ = {isa = PBXBuildFile; fileRef = 77A50A291F43C0A800A3D5BA /* StreamGridController.swift */; };
		77E491D11FA3FB1C00A7AF7C /* StreamSearchController.swift in Sources */ = {isa = PBXBuildFile; fileRef = 77E491D01FA3FB1C00A7AF7C /* StreamSearchController.swift */; };
		856A34880AB37662D9B67C31 /* Pods_Streamism.framework in Frameworks */ = {isa = PBXBuildFile; fileRef = 4D4FDFCAE34FA39C2F806DA0 /* Pods_Streamism.framework */; };
/* End PBXBuildFile section */

/* Begin PBXContainerItemProxy section */
		7793A59C1F3BD3C80085085B /* PBXContainerItemProxy */ = {
			isa = PBXContainerItemProxy;
			containerPortal = 7793A57F1F3BD3C80085085B /* Project object */;
			proxyType = 1;
			remoteGlobalIDString = 7793A5861F3BD3C80085085B;
			remoteInfo = Streamism;
		};
		7793A5A71F3BD3C80085085B /* PBXContainerItemProxy */ = {
			isa = PBXContainerItemProxy;
			containerPortal = 7793A57F1F3BD3C80085085B /* Project object */;
			proxyType = 1;
			remoteGlobalIDString = 7793A5861F3BD3C80085085B;
			remoteInfo = Streamism;
		};
/* End PBXContainerItemProxy section */

/* Begin PBXFileReference section */
		129DAE19A9397C54A32D7E2E /* Pods-StreamismTests.release.xcconfig */ = {isa = PBXFileReference; includeInIndex = 1; lastKnownFileType = text.xcconfig; name = "Pods-StreamismTests.release.xcconfig"; path = "Pods/Target Support Files/Pods-StreamismTests/Pods-StreamismTests.release.xcconfig"; sourceTree = "<group>"; };
		18D70BDFABF7A6AAB6976E25 /* Pods-Streamism.debug.xcconfig */ = {isa = PBXFileReference; includeInIndex = 1; lastKnownFileType = text.xcconfig; name = "Pods-Streamism.debug.xcconfig"; path = "Pods/Target Support Files/Pods-Streamism/Pods-Streamism.debug.xcconfig"; sourceTree = "<group>"; };
		4D4FDFCAE34FA39C2F806DA0 /* Pods_Streamism.framework */ = {isa = PBXFileReference; explicitFileType = wrapper.framework; includeInIndex = 0; path = Pods_Streamism.framework; sourceTree = BUILT_PRODUCTS_DIR; };
		4DF7373421CFE7E6D56A0EE9 /* Pods-StreamismUITests.debug.xcconfig */ = {isa = PBXFileReference; includeInIndex = 1; lastKnownFileType = text.xcconfig; name = "Pods-StreamismUITests.debug.xcconfig"; path = "Pods/Target Support Files/Pods-StreamismUITests/Pods-StreamismUITests.debug.xcconfig"; sourceTree = "<group>"; };
		695A36D1DDB7C0E66318CF0C /* Pods-StreamismUITests.release.xcconfig */ = {isa = PBXFileReference; includeInIndex = 1; lastKnownFileType = text.xcconfig; name = "Pods-StreamismUITests.release.xcconfig"; path = "Pods/Target Support Files/Pods-StreamismUITests/Pods-StreamismUITests.release.xcconfig"; sourceTree = "<group>"; };
		7701AF6E1F5A1FBE006D3804 /* StreamList.swift */ = {isa = PBXFileReference; fileEncoding = 4; lastKnownFileType = sourcecode.swift; name = StreamList.swift; path = src/model/StreamList.swift; sourceTree = "<group>"; };
		7701AF701F5A266D006D3804 /* StreamCategoryList.swift */ = {isa = PBXFileReference; fileEncoding = 4; lastKnownFileType = sourcecode.swift; name = StreamCategoryList.swift; path = src/model/StreamCategoryList.swift; sourceTree = "<group>"; };
		7701AF721F6361D6006D3804 /* PreferenceViewController.swift */ = {isa = PBXFileReference; fileEncoding = 4; lastKnownFileType = sourcecode.swift; name = PreferenceViewController.swift; path = src/views/PreferenceViewController.swift; sourceTree = "<group>"; };
		771C355C1F4B8FEE00BC3764 /* GoogleService-Info.plist */ = {isa = PBXFileReference; fileEncoding = 4; lastKnownFileType = text.plist.xml; path = "GoogleService-Info.plist"; sourceTree = SOURCE_ROOT; };
		771C355E1F4B91FA00BC3764 /* StreamDatabase.swift */ = {isa = PBXFileReference; fileEncoding = 4; lastKnownFileType = sourcecode.swift; name = StreamDatabase.swift; path = src/model/StreamDatabase.swift; sourceTree = "<group>"; };
		771C35601F4BADFD00BC3764 /* StreamCategory.swift */ = {isa = PBXFileReference; fileEncoding = 4; lastKnownFileType = sourcecode.swift; name = StreamCategory.swift; path = src/model/StreamCategory.swift; sourceTree = "<group>"; };
		771C35621F4E70D900BC3764 /* StreamCategoryPreference.swift */ = {isa = PBXFileReference; fileEncoding = 4; lastKnownFileType = sourcecode.swift; name = StreamCategoryPreference.swift; path = src/model/StreamCategoryPreference.swift; sourceTree = "<group>"; };
		772482B61F7EF6960099E715 /* PreferenceToggle.swift */ = {isa = PBXFileReference; lastKnownFileType = sourcecode.swift; name = PreferenceToggle.swift; path = Streamism/src/views/controls/PreferenceToggle.swift; sourceTree = SOURCE_ROOT; };
		77401FA91F969EDA0025223C /* TestStreamList.swift */ = {isa = PBXFileReference; lastKnownFileType = sourcecode.swift; path = TestStreamList.swift; sourceTree = "<group>"; };
		774BA4B11F900FE20055971E /* TestStreamCategory.swift */ = {isa = PBXFileReference; lastKnownFileType = sourcecode.swift; path = TestStreamCategory.swift; sourceTree = "<group>"; };
		774BA4B31F9012030055971E /* TestStreamCategoryPreference.swift */ = {isa = PBXFileReference; lastKnownFileType = sourcecode.swift; path = TestStreamCategoryPreference.swift; sourceTree = "<group>"; };
		774BA4B51F9016530055971E /* TestStreamCategoryList.swift */ = {isa = PBXFileReference; lastKnownFileType = sourcecode.swift; path = TestStreamCategoryList.swift; sourceTree = "<group>"; };
		7760EB961F45016D008AD53D /* StreamGridCell.swift */ = {isa = PBXFileReference; fileEncoding = 4; lastKnownFileType = sourcecode.swift; name = StreamGridCell.swift; path = src/views/StreamGridCell.swift; sourceTree = "<group>"; };
		7793A5871F3BD3C80085085B /* Streamism.app */ = {isa = PBXFileReference; explicitFileType = wrapper.application; includeInIndex = 0; path = Streamism.app; sourceTree = BUILT_PRODUCTS_DIR; };
		7793A58F1F3BD3C80085085B /* Base */ = {isa = PBXFileReference; lastKnownFileType = file.storyboard; name = Base; path = Base.lproj/Main.storyboard; sourceTree = "<group>"; };
		7793A5911F3BD3C80085085B /* Assets.xcassets */ = {isa = PBXFileReference; lastKnownFileType = folder.assetcatalog; path = Assets.xcassets; sourceTree = "<group>"; };
		7793A5941F3BD3C80085085B /* Base */ = {isa = PBXFileReference; lastKnownFileType = file.storyboard; name = Base; path = Base.lproj/LaunchScreen.storyboard; sourceTree = "<group>"; };
		7793A5961F3BD3C80085085B /* Info.plist */ = {isa = PBXFileReference; lastKnownFileType = text.plist.xml; path = Info.plist; sourceTree = "<group>"; };
		7793A59B1F3BD3C80085085B /* StreamismTests.xctest */ = {isa = PBXFileReference; explicitFileType = wrapper.cfbundle; includeInIndex = 0; path = StreamismTests.xctest; sourceTree = BUILT_PRODUCTS_DIR; };
		7793A59F1F3BD3C80085085B /* TestStream.swift */ = {isa = PBXFileReference; lastKnownFileType = sourcecode.swift; path = TestStream.swift; sourceTree = "<group>"; };
		7793A5A11F3BD3C80085085B /* Info.plist */ = {isa = PBXFileReference; lastKnownFileType = text.plist.xml; path = Info.plist; sourceTree = "<group>"; };
		7793A5A61F3BD3C80085085B /* StreamismUITests.xctest */ = {isa = PBXFileReference; explicitFileType = wrapper.cfbundle; includeInIndex = 0; path = StreamismUITests.xctest; sourceTree = BUILT_PRODUCTS_DIR; };
		7793A5AA1F3BD3C80085085B /* StreamismUITests.swift */ = {isa = PBXFileReference; lastKnownFileType = sourcecode.swift; path = StreamismUITests.swift; sourceTree = "<group>"; };
		7793A5AC1F3BD3C80085085B /* Info.plist */ = {isa = PBXFileReference; lastKnownFileType = text.plist.xml; path = Info.plist; sourceTree = "<group>"; };
		77A50A1C1F439C0D00A3D5BA /* AppDelegate.swift */ = {isa = PBXFileReference; fileEncoding = 4; lastKnownFileType = sourcecode.swift; name = AppDelegate.swift; path = src/AppDelegate.swift; sourceTree = "<group>"; };
		77A50A1E1F439C1B00A3D5BA /* MainViewController.swift */ = {isa = PBXFileReference; fileEncoding = 4; lastKnownFileType = sourcecode.swift; name = MainViewController.swift; path = src/views/MainViewController.swift; sourceTree = "<group>"; };
		77A50A221F439FB300A3D5BA /* Stream.swift */ = {isa = PBXFileReference; fileEncoding = 4; lastKnownFileType = sourcecode.swift; name = Stream.swift; path = src/model/Stream.swift; sourceTree = "<group>"; };
		77A50A271F43BCF300A3D5BA /* StreamFlowLayout.swift */ = {isa = PBXFileReference; fileEncoding = 4; lastKnownFileType = sourcecode.swift; name = StreamFlowLayout.swift; path = src/views/StreamFlowLayout.swift; sourceTree = "<group>"; };
		77A50A291F43C0A800A3D5BA /* StreamGridController.swift */ = {isa = PBXFileReference; fileEncoding = 4; lastKnownFileType = sourcecode.swift; name = StreamGridController.swift; path = src/views/StreamGridController.swift; sourceTree = "<group>"; };
		77E491D01FA3FB1C00A7AF7C /* StreamSearchController.swift */ = {isa = PBXFileReference; lastKnownFileType = sourcecode.swift; name = StreamSearchController.swift; path = src/views/StreamSearchController.swift; sourceTree = "<group>"; };
		A9CF2D51E829ECE1697E332B /* Pods-Streamism.release.xcconfig */ = {isa = PBXFileReference; includeInIndex = 1; lastKnownFileType = text.xcconfig; name = "Pods-Streamism.release.xcconfig"; path = "Pods/Target Support Files/Pods-Streamism/Pods-Streamism.release.xcconfig"; sourceTree = "<group>"; };
		B2484B119999F179F5208FB4 /* Pods-StreamismTests.debug.xcconfig */ = {isa = PBXFileReference; includeInIndex = 1; lastKnownFileType = text.xcconfig; name = "Pods-StreamismTests.debug.xcconfig"; path = "Pods/Target Support Files/Pods-StreamismTests/Pods-StreamismTests.debug.xcconfig"; sourceTree = "<group>"; };
		C3BE6E0F10FBD02F6C5CDE48 /* Pods_StreamismUITests.framework */ = {isa = PBXFileReference; explicitFileType = wrapper.framework; includeInIndex = 0; path = Pods_StreamismUITests.framework; sourceTree = BUILT_PRODUCTS_DIR; };
		D5BFAF717610073C0F1FE623 /* Pods_StreamismTests.framework */ = {isa = PBXFileReference; explicitFileType = wrapper.framework; includeInIndex = 0; path = Pods_StreamismTests.framework; sourceTree = BUILT_PRODUCTS_DIR; };
/* End PBXFileReference section */

/* Begin PBXFrameworksBuildPhase section */
		7793A5841F3BD3C80085085B /* Frameworks */ = {
			isa = PBXFrameworksBuildPhase;
			buildActionMask = 2147483647;
			files = (
				856A34880AB37662D9B67C31 /* Pods_Streamism.framework in Frameworks */,
			);
			runOnlyForDeploymentPostprocessing = 0;
		};
		7793A5981F3BD3C80085085B /* Frameworks */ = {
			isa = PBXFrameworksBuildPhase;
			buildActionMask = 2147483647;
			files = (
				4A61441FC267525D16E5916F /* Pods_StreamismTests.framework in Frameworks */,
			);
			runOnlyForDeploymentPostprocessing = 0;
		};
		7793A5A31F3BD3C80085085B /* Frameworks */ = {
			isa = PBXFrameworksBuildPhase;
			buildActionMask = 2147483647;
			files = (
				5328C24E1C932ECD0DE3C341 /* Pods_StreamismUITests.framework in Frameworks */,
			);
			runOnlyForDeploymentPostprocessing = 0;
		};
/* End PBXFrameworksBuildPhase section */

/* Begin PBXGroup section */
		1B49131CEAEAA789D3C80D30 /* Pods */ = {
			isa = PBXGroup;
			children = (
				18D70BDFABF7A6AAB6976E25 /* Pods-Streamism.debug.xcconfig */,
				A9CF2D51E829ECE1697E332B /* Pods-Streamism.release.xcconfig */,
				B2484B119999F179F5208FB4 /* Pods-StreamismTests.debug.xcconfig */,
				129DAE19A9397C54A32D7E2E /* Pods-StreamismTests.release.xcconfig */,
				4DF7373421CFE7E6D56A0EE9 /* Pods-StreamismUITests.debug.xcconfig */,
				695A36D1DDB7C0E66318CF0C /* Pods-StreamismUITests.release.xcconfig */,
			);
			name = Pods;
			sourceTree = "<group>";
		};
		772482B51F7EF4790099E715 /* controls */ = {
			isa = PBXGroup;
			children = (
				772482B61F7EF6960099E715 /* PreferenceToggle.swift */,
			);
			path = controls;
			sourceTree = "<group>";
		};
		7793A57E1F3BD3C80085085B = {
			isa = PBXGroup;
			children = (
				7793A5891F3BD3C80085085B /* Streamism */,
				7793A59E1F3BD3C80085085B /* StreamismTests */,
				7793A5A91F3BD3C80085085B /* StreamismUITests */,
				7793A5881F3BD3C80085085B /* Products */,
				1B49131CEAEAA789D3C80D30 /* Pods */,
				BF176E2B70579B89F04A6FFE /* Frameworks */,
			);
			sourceTree = "<group>";
		};
		7793A5881F3BD3C80085085B /* Products */ = {
			isa = PBXGroup;
			children = (
				7793A5871F3BD3C80085085B /* Streamism.app */,
				7793A59B1F3BD3C80085085B /* StreamismTests.xctest */,
				7793A5A61F3BD3C80085085B /* StreamismUITests.xctest */,
			);
			name = Products;
			sourceTree = "<group>";
		};
		7793A5891F3BD3C80085085B /* Streamism */ = {
			isa = PBXGroup;
			children = (
				77A50A1A1F439BAE00A3D5BA /* src */,
				7793A58E1F3BD3C80085085B /* Main.storyboard */,
				7793A5911F3BD3C80085085B /* Assets.xcassets */,
				7793A5931F3BD3C80085085B /* LaunchScreen.storyboard */,
				7793A5961F3BD3C80085085B /* Info.plist */,
				771C355C1F4B8FEE00BC3764 /* GoogleService-Info.plist */,
			);
			path = Streamism;
			sourceTree = "<group>";
		};
		7793A59E1F3BD3C80085085B /* StreamismTests */ = {
			isa = PBXGroup;
			children = (
				7793A59F1F3BD3C80085085B /* TestStream.swift */,
				7793A5A11F3BD3C80085085B /* Info.plist */,
				774BA4B11F900FE20055971E /* TestStreamCategory.swift */,
				774BA4B31F9012030055971E /* TestStreamCategoryPreference.swift */,
				774BA4B51F9016530055971E /* TestStreamCategoryList.swift */,
				77401FA91F969EDA0025223C /* TestStreamList.swift */,
			);
			path = StreamismTests;
			sourceTree = "<group>";
		};
		7793A5A91F3BD3C80085085B /* StreamismUITests */ = {
			isa = PBXGroup;
			children = (
				7793A5AA1F3BD3C80085085B /* StreamismUITests.swift */,
				7793A5AC1F3BD3C80085085B /* Info.plist */,
			);
			path = StreamismUITests;
			sourceTree = "<group>";
		};
		77A50A1A1F439BAE00A3D5BA /* src */ = {
			isa = PBXGroup;
			children = (
				77A50A241F439FC700A3D5BA /* model */,
				77A50A1C1F439C0D00A3D5BA /* AppDelegate.swift */,
				77A50A1B1F439BB800A3D5BA /* views */,
			);
			name = src;
			sourceTree = "<group>";
		};
		77A50A1B1F439BB800A3D5BA /* views */ = {
			isa = PBXGroup;
			children = (
				772482B51F7EF4790099E715 /* controls */,
				77A50A1E1F439C1B00A3D5BA /* MainViewController.swift */,
				77A50A271F43BCF300A3D5BA /* StreamFlowLayout.swift */,
				77A50A291F43C0A800A3D5BA /* StreamGridController.swift */,
				7760EB961F45016D008AD53D /* StreamGridCell.swift */,
				7701AF721F6361D6006D3804 /* PreferenceViewController.swift */,
				77E491D01FA3FB1C00A7AF7C /* StreamSearchController.swift */,
			);
			name = views;
			sourceTree = "<group>";
		};
		77A50A241F439FC700A3D5BA /* model */ = {
			isa = PBXGroup;
			children = (
				77A50A221F439FB300A3D5BA /* Stream.swift */,
				771C355E1F4B91FA00BC3764 /* StreamDatabase.swift */,
				771C35601F4BADFD00BC3764 /* StreamCategory.swift */,
				771C35621F4E70D900BC3764 /* StreamCategoryPreference.swift */,
				7701AF6E1F5A1FBE006D3804 /* StreamList.swift */,
				7701AF701F5A266D006D3804 /* StreamCategoryList.swift */,
			);
			name = model;
			sourceTree = "<group>";
		};
		BF176E2B70579B89F04A6FFE /* Frameworks */ = {
			isa = PBXGroup;
			children = (
				4D4FDFCAE34FA39C2F806DA0 /* Pods_Streamism.framework */,
				D5BFAF717610073C0F1FE623 /* Pods_StreamismTests.framework */,
				C3BE6E0F10FBD02F6C5CDE48 /* Pods_StreamismUITests.framework */,
			);
			name = Frameworks;
			sourceTree = "<group>";
		};
/* End PBXGroup section */

/* Begin PBXNativeTarget section */
		7793A5861F3BD3C80085085B /* Streamism */ = {
			isa = PBXNativeTarget;
			buildConfigurationList = 7793A5AF1F3BD3C80085085B /* Build configuration list for PBXNativeTarget "Streamism" */;
			buildPhases = (
				DD7FB9F196A6DC8B07D6C0AC /* [CP] Check Pods Manifest.lock */,
				7793A5831F3BD3C80085085B /* Sources */,
				7793A5841F3BD3C80085085B /* Frameworks */,
				7793A5851F3BD3C80085085B /* Resources */,
				EFBA1D0CAD9346A41D466BF6 /* [CP] Embed Pods Frameworks */,
				CE5B0E21656BCA3C90783A87 /* [CP] Copy Pods Resources */,
			);
			buildRules = (
			);
			dependencies = (
			);
			name = Streamism;
			productName = Streamism;
			productReference = 7793A5871F3BD3C80085085B /* Streamism.app */;
			productType = "com.apple.product-type.application";
		};
		7793A59A1F3BD3C80085085B /* StreamismTests */ = {
			isa = PBXNativeTarget;
			buildConfigurationList = 7793A5B21F3BD3C80085085B /* Build configuration list for PBXNativeTarget "StreamismTests" */;
			buildPhases = (
				8DF5CE76C281FE588CAFF25A /* [CP] Check Pods Manifest.lock */,
				7793A5971F3BD3C80085085B /* Sources */,
				7793A5981F3BD3C80085085B /* Frameworks */,
				7793A5991F3BD3C80085085B /* Resources */,
				22A90F2000BBB377EECE0156 /* [CP] Embed Pods Frameworks */,
				F6A86B71A8ACB6C6F55CDAE1 /* [CP] Copy Pods Resources */,
			);
			buildRules = (
			);
			dependencies = (
				7793A59D1F3BD3C80085085B /* PBXTargetDependency */,
			);
			name = StreamismTests;
			productName = StreamismTests;
			productReference = 7793A59B1F3BD3C80085085B /* StreamismTests.xctest */;
			productType = "com.apple.product-type.bundle.unit-test";
		};
		7793A5A51F3BD3C80085085B /* StreamismUITests */ = {
			isa = PBXNativeTarget;
			buildConfigurationList = 7793A5B51F3BD3C80085085B /* Build configuration list for PBXNativeTarget "StreamismUITests" */;
			buildPhases = (
				1440DBC3ED9B90204DEC9013 /* [CP] Check Pods Manifest.lock */,
				7793A5A21F3BD3C80085085B /* Sources */,
				7793A5A31F3BD3C80085085B /* Frameworks */,
				7793A5A41F3BD3C80085085B /* Resources */,
				D5A882F64544758CDE985B4C /* [CP] Embed Pods Frameworks */,
				2B1C99FA37437A8031AE3B03 /* [CP] Copy Pods Resources */,
			);
			buildRules = (
			);
			dependencies = (
				7793A5A81F3BD3C80085085B /* PBXTargetDependency */,
			);
			name = StreamismUITests;
			productName = StreamismUITests;
			productReference = 7793A5A61F3BD3C80085085B /* StreamismUITests.xctest */;
			productType = "com.apple.product-type.bundle.ui-testing";
		};
/* End PBXNativeTarget section */

/* Begin PBXProject section */
		7793A57F1F3BD3C80085085B /* Project object */ = {
			isa = PBXProject;
			attributes = {
				LastSwiftUpdateCheck = 0830;
				LastUpgradeCheck = 0830;
				ORGANIZATIONNAME = "Brian Ault";
				TargetAttributes = {
					7793A5861F3BD3C80085085B = {
						CreatedOnToolsVersion = 8.3.3;
						LastSwiftMigration = 0900;
						ProvisioningStyle = Automatic;
					};
					7793A59A1F3BD3C80085085B = {
						CreatedOnToolsVersion = 8.3.3;
						ProvisioningStyle = Automatic;
						TestTargetID = 7793A5861F3BD3C80085085B;
					};
					7793A5A51F3BD3C80085085B = {
						CreatedOnToolsVersion = 8.3.3;
						ProvisioningStyle = Automatic;
						TestTargetID = 7793A5861F3BD3C80085085B;
					};
				};
			};
			buildConfigurationList = 7793A5821F3BD3C80085085B /* Build configuration list for PBXProject "Streamism" */;
			compatibilityVersion = "Xcode 3.2";
			developmentRegion = English;
			hasScannedForEncodings = 0;
			knownRegions = (
				en,
				Base,
			);
			mainGroup = 7793A57E1F3BD3C80085085B;
			productRefGroup = 7793A5881F3BD3C80085085B /* Products */;
			projectDirPath = "";
			projectRoot = "";
			targets = (
				7793A5861F3BD3C80085085B /* Streamism */,
				7793A59A1F3BD3C80085085B /* StreamismTests */,
				7793A5A51F3BD3C80085085B /* StreamismUITests */,
			);
		};
/* End PBXProject section */

/* Begin PBXResourcesBuildPhase section */
		7793A5851F3BD3C80085085B /* Resources */ = {
			isa = PBXResourcesBuildPhase;
			buildActionMask = 2147483647;
			files = (
				7793A5951F3BD3C80085085B /* LaunchScreen.storyboard in Resources */,
				771C355D1F4B8FEE00BC3764 /* GoogleService-Info.plist in Resources */,
				7793A5921F3BD3C80085085B /* Assets.xcassets in Resources */,
				7793A5901F3BD3C80085085B /* Main.storyboard in Resources */,
			);
			runOnlyForDeploymentPostprocessing = 0;
		};
		7793A5991F3BD3C80085085B /* Resources */ = {
			isa = PBXResourcesBuildPhase;
			buildActionMask = 2147483647;
			files = (
			);
			runOnlyForDeploymentPostprocessing = 0;
		};
		7793A5A41F3BD3C80085085B /* Resources */ = {
			isa = PBXResourcesBuildPhase;
			buildActionMask = 2147483647;
			files = (
			);
			runOnlyForDeploymentPostprocessing = 0;
		};
/* End PBXResourcesBuildPhase section */

/* Begin PBXShellScriptBuildPhase section */
		1440DBC3ED9B90204DEC9013 /* [CP] Check Pods Manifest.lock */ = {
			isa = PBXShellScriptBuildPhase;
			buildActionMask = 2147483647;
			files = (
			);
			inputPaths = (
				"${PODS_PODFILE_DIR_PATH}/Podfile.lock",
				"${PODS_ROOT}/Manifest.lock",
			);
			name = "[CP] Check Pods Manifest.lock";
			outputPaths = (
				"$(DERIVED_FILE_DIR)/Pods-StreamismUITests-checkManifestLockResult.txt",
			);
			runOnlyForDeploymentPostprocessing = 0;
			shellPath = /bin/sh;
			shellScript = "diff \"${PODS_PODFILE_DIR_PATH}/Podfile.lock\" \"${PODS_ROOT}/Manifest.lock\" > /dev/null\nif [ $? != 0 ] ; then\n    # print error to STDERR\n    echo \"error: The sandbox is not in sync with the Podfile.lock. Run 'pod install' or update your CocoaPods installation.\" >&2\n    exit 1\nfi\n# This output is used by Xcode 'outputs' to avoid re-running this script phase.\necho \"SUCCESS\" > \"${SCRIPT_OUTPUT_FILE_0}\"\n";
			showEnvVarsInLog = 0;
		};
		22A90F2000BBB377EECE0156 /* [CP] Embed Pods Frameworks */ = {
			isa = PBXShellScriptBuildPhase;
			buildActionMask = 2147483647;
			files = (
			);
			inputPaths = (
			);
			name = "[CP] Embed Pods Frameworks";
			outputPaths = (
			);
			runOnlyForDeploymentPostprocessing = 0;
			shellPath = /bin/sh;
			shellScript = "\"${SRCROOT}/Pods/Target Support Files/Pods-StreamismTests/Pods-StreamismTests-frameworks.sh\"\n";
			showEnvVarsInLog = 0;
		};
		2B1C99FA37437A8031AE3B03 /* [CP] Copy Pods Resources */ = {
			isa = PBXShellScriptBuildPhase;
			buildActionMask = 2147483647;
			files = (
			);
			inputPaths = (
			);
			name = "[CP] Copy Pods Resources";
			outputPaths = (
			);
			runOnlyForDeploymentPostprocessing = 0;
			shellPath = /bin/sh;
			shellScript = "\"${SRCROOT}/Pods/Target Support Files/Pods-StreamismUITests/Pods-StreamismUITests-resources.sh\"\n";
			showEnvVarsInLog = 0;
		};
		8DF5CE76C281FE588CAFF25A /* [CP] Check Pods Manifest.lock */ = {
			isa = PBXShellScriptBuildPhase;
			buildActionMask = 2147483647;
			files = (
			);
			inputPaths = (
				"${PODS_PODFILE_DIR_PATH}/Podfile.lock",
				"${PODS_ROOT}/Manifest.lock",
			);
			name = "[CP] Check Pods Manifest.lock";
			outputPaths = (
				"$(DERIVED_FILE_DIR)/Pods-StreamismTests-checkManifestLockResult.txt",
			);
			runOnlyForDeploymentPostprocessing = 0;
			shellPath = /bin/sh;
			shellScript = "diff \"${PODS_PODFILE_DIR_PATH}/Podfile.lock\" \"${PODS_ROOT}/Manifest.lock\" > /dev/null\nif [ $? != 0 ] ; then\n    # print error to STDERR\n    echo \"error: The sandbox is not in sync with the Podfile.lock. Run 'pod install' or update your CocoaPods installation.\" >&2\n    exit 1\nfi\n# This output is used by Xcode 'outputs' to avoid re-running this script phase.\necho \"SUCCESS\" > \"${SCRIPT_OUTPUT_FILE_0}\"\n";
			showEnvVarsInLog = 0;
		};
		CE5B0E21656BCA3C90783A87 /* [CP] Copy Pods Resources */ = {
			isa = PBXShellScriptBuildPhase;
			buildActionMask = 2147483647;
			files = (
			);
			inputPaths = (
			);
			name = "[CP] Copy Pods Resources";
			outputPaths = (
			);
			runOnlyForDeploymentPostprocessing = 0;
			shellPath = /bin/sh;
			shellScript = "\"${SRCROOT}/Pods/Target Support Files/Pods-Streamism/Pods-Streamism-resources.sh\"\n";
			showEnvVarsInLog = 0;
		};
		D5A882F64544758CDE985B4C /* [CP] Embed Pods Frameworks */ = {
			isa = PBXShellScriptBuildPhase;
			buildActionMask = 2147483647;
			files = (
			);
			inputPaths = (
			);
			name = "[CP] Embed Pods Frameworks";
			outputPaths = (
			);
			runOnlyForDeploymentPostprocessing = 0;
			shellPath = /bin/sh;
			shellScript = "\"${SRCROOT}/Pods/Target Support Files/Pods-StreamismUITests/Pods-StreamismUITests-frameworks.sh\"\n";
			showEnvVarsInLog = 0;
		};
		DD7FB9F196A6DC8B07D6C0AC /* [CP] Check Pods Manifest.lock */ = {
			isa = PBXShellScriptBuildPhase;
			buildActionMask = 2147483647;
			files = (
			);
			inputPaths = (
				"${PODS_PODFILE_DIR_PATH}/Podfile.lock",
				"${PODS_ROOT}/Manifest.lock",
			);
			name = "[CP] Check Pods Manifest.lock";
			outputPaths = (
				"$(DERIVED_FILE_DIR)/Pods-Streamism-checkManifestLockResult.txt",
			);
			runOnlyForDeploymentPostprocessing = 0;
			shellPath = /bin/sh;
			shellScript = "diff \"${PODS_PODFILE_DIR_PATH}/Podfile.lock\" \"${PODS_ROOT}/Manifest.lock\" > /dev/null\nif [ $? != 0 ] ; then\n    # print error to STDERR\n    echo \"error: The sandbox is not in sync with the Podfile.lock. Run 'pod install' or update your CocoaPods installation.\" >&2\n    exit 1\nfi\n# This output is used by Xcode 'outputs' to avoid re-running this script phase.\necho \"SUCCESS\" > \"${SCRIPT_OUTPUT_FILE_0}\"\n";
			showEnvVarsInLog = 0;
		};
		EFBA1D0CAD9346A41D466BF6 /* [CP] Embed Pods Frameworks */ = {
			isa = PBXShellScriptBuildPhase;
			buildActionMask = 2147483647;
			files = (
			);
			inputPaths = (
				"${SRCROOT}/Pods/Target Support Files/Pods-Streamism/Pods-Streamism-frameworks.sh",
				"${BUILT_PRODUCTS_DIR}/GTMSessionFetcher/GTMSessionFetcher.framework",
				"${BUILT_PRODUCTS_DIR}/GoogleToolboxForMac/GoogleToolboxForMac.framework",
				"${BUILT_PRODUCTS_DIR}/leveldb-library/leveldb.framework",
				"${BUILT_PRODUCTS_DIR}/nanopb/nanopb.framework",
			);
			name = "[CP] Embed Pods Frameworks";
			outputPaths = (
				"${TARGET_BUILD_DIR}/${FRAMEWORKS_FOLDER_PATH}/GTMSessionFetcher.framework",
				"${TARGET_BUILD_DIR}/${FRAMEWORKS_FOLDER_PATH}/GoogleToolboxForMac.framework",
				"${TARGET_BUILD_DIR}/${FRAMEWORKS_FOLDER_PATH}/leveldb.framework",
				"${TARGET_BUILD_DIR}/${FRAMEWORKS_FOLDER_PATH}/nanopb.framework",
			);
			runOnlyForDeploymentPostprocessing = 0;
			shellPath = /bin/sh;
			shellScript = "\"${SRCROOT}/Pods/Target Support Files/Pods-Streamism/Pods-Streamism-frameworks.sh\"\n";
			showEnvVarsInLog = 0;
		};
		F6A86B71A8ACB6C6F55CDAE1 /* [CP] Copy Pods Resources */ = {
			isa = PBXShellScriptBuildPhase;
			buildActionMask = 2147483647;
			files = (
			);
			inputPaths = (
			);
			name = "[CP] Copy Pods Resources";
			outputPaths = (
			);
			runOnlyForDeploymentPostprocessing = 0;
			shellPath = /bin/sh;
			shellScript = "\"${SRCROOT}/Pods/Target Support Files/Pods-StreamismTests/Pods-StreamismTests-resources.sh\"\n";
			showEnvVarsInLog = 0;
		};
/* End PBXShellScriptBuildPhase section */

/* Begin PBXSourcesBuildPhase section */
		7793A5831F3BD3C80085085B /* Sources */ = {
			isa = PBXSourcesBuildPhase;
			buildActionMask = 2147483647;
			files = (
				77A50A1F1F439C1B00A3D5BA /* MainViewController.swift in Sources */,
				7701AF6F1F5A1FBE006D3804 /* StreamList.swift in Sources */,
				771C35611F4BADFD00BC3764 /* StreamCategory.swift in Sources */,
				7701AF731F6361D6006D3804 /* PreferenceViewController.swift in Sources */,
				7701AF711F5A266D006D3804 /* StreamCategoryList.swift in Sources */,
				771C35631F4E70D900BC3764 /* StreamCategoryPreference.swift in Sources */,
				77A50A1D1F439C0D00A3D5BA /* AppDelegate.swift in Sources */,
				77A50A231F439FB300A3D5BA /* Stream.swift in Sources */,
				7760EB971F45016D008AD53D /* StreamGridCell.swift in Sources */,
				77E491D11FA3FB1C00A7AF7C /* StreamSearchController.swift in Sources */,
				77A50A2A1F43C0A800A3D5BA /* StreamGridController.swift in Sources */,
				771C355F1F4B91FA00BC3764 /* StreamDatabase.swift in Sources */,
				77A50A281F43BCF300A3D5BA /* StreamFlowLayout.swift in Sources */,
				772482B71F7EF6960099E715 /* PreferenceToggle.swift in Sources */,
			);
			runOnlyForDeploymentPostprocessing = 0;
		};
		7793A5971F3BD3C80085085B /* Sources */ = {
			isa = PBXSourcesBuildPhase;
			buildActionMask = 2147483647;
			files = (
				77401FAA1F969EDA0025223C /* TestStreamList.swift in Sources */,
				7793A5A01F3BD3C80085085B /* TestStream.swift in Sources */,
				774BA4B61F9016530055971E /* TestStreamCategoryList.swift in Sources */,
				774BA4B41F9012030055971E /* TestStreamCategoryPreference.swift in Sources */,
				774BA4B21F900FE20055971E /* TestStreamCategory.swift in Sources */,
			);
			runOnlyForDeploymentPostprocessing = 0;
		};
		7793A5A21F3BD3C80085085B /* Sources */ = {
			isa = PBXSourcesBuildPhase;
			buildActionMask = 2147483647;
			files = (
				7793A5AB1F3BD3C80085085B /* StreamismUITests.swift in Sources */,
			);
			runOnlyForDeploymentPostprocessing = 0;
		};
/* End PBXSourcesBuildPhase section */

/* Begin PBXTargetDependency section */
		7793A59D1F3BD3C80085085B /* PBXTargetDependency */ = {
			isa = PBXTargetDependency;
			target = 7793A5861F3BD3C80085085B /* Streamism */;
			targetProxy = 7793A59C1F3BD3C80085085B /* PBXContainerItemProxy */;
		};
		7793A5A81F3BD3C80085085B /* PBXTargetDependency */ = {
			isa = PBXTargetDependency;
			target = 7793A5861F3BD3C80085085B /* Streamism */;
			targetProxy = 7793A5A71F3BD3C80085085B /* PBXContainerItemProxy */;
		};
/* End PBXTargetDependency section */

/* Begin PBXVariantGroup section */
		7793A58E1F3BD3C80085085B /* Main.storyboard */ = {
			isa = PBXVariantGroup;
			children = (
				7793A58F1F3BD3C80085085B /* Base */,
			);
			name = Main.storyboard;
			sourceTree = "<group>";
		};
		7793A5931F3BD3C80085085B /* LaunchScreen.storyboard */ = {
			isa = PBXVariantGroup;
			children = (
				7793A5941F3BD3C80085085B /* Base */,
			);
			name = LaunchScreen.storyboard;
			sourceTree = "<group>";
		};
/* End PBXVariantGroup section */

/* Begin XCBuildConfiguration section */
		7793A5AD1F3BD3C80085085B /* Debug */ = {
			isa = XCBuildConfiguration;
			buildSettings = {
				ALWAYS_SEARCH_USER_PATHS = NO;
				CLANG_ANALYZER_NONNULL = YES;
				CLANG_ANALYZER_NUMBER_OBJECT_CONVERSION = YES_AGGRESSIVE;
				CLANG_CXX_LANGUAGE_STANDARD = "gnu++0x";
				CLANG_CXX_LIBRARY = "libc++";
				CLANG_ENABLE_MODULES = YES;
				CLANG_ENABLE_OBJC_ARC = YES;
				CLANG_WARN_BOOL_CONVERSION = YES;
				CLANG_WARN_CONSTANT_CONVERSION = YES;
				CLANG_WARN_DIRECT_OBJC_ISA_USAGE = YES_ERROR;
				CLANG_WARN_DOCUMENTATION_COMMENTS = YES;
				CLANG_WARN_EMPTY_BODY = YES;
				CLANG_WARN_ENUM_CONVERSION = YES;
				CLANG_WARN_INFINITE_RECURSION = YES;
				CLANG_WARN_INT_CONVERSION = YES;
				CLANG_WARN_OBJC_ROOT_CLASS = YES_ERROR;
				CLANG_WARN_SUSPICIOUS_MOVE = YES;
				CLANG_WARN_UNREACHABLE_CODE = YES;
				CLANG_WARN__DUPLICATE_METHOD_MATCH = YES;
				"CODE_SIGN_IDENTITY[sdk=iphoneos*]" = "iPhone Developer";
				COPY_PHASE_STRIP = NO;
				DEBUG_INFORMATION_FORMAT = dwarf;
				ENABLE_STRICT_OBJC_MSGSEND = YES;
				ENABLE_TESTABILITY = YES;
				GCC_C_LANGUAGE_STANDARD = gnu99;
				GCC_DYNAMIC_NO_PIC = NO;
				GCC_NO_COMMON_BLOCKS = YES;
				GCC_OPTIMIZATION_LEVEL = 0;
				GCC_PREPROCESSOR_DEFINITIONS = (
					"DEBUG=1",
					"$(inherited)",
				);
				GCC_WARN_64_TO_32_BIT_CONVERSION = YES;
				GCC_WARN_ABOUT_RETURN_TYPE = YES_ERROR;
				GCC_WARN_UNDECLARED_SELECTOR = YES;
				GCC_WARN_UNINITIALIZED_AUTOS = YES_AGGRESSIVE;
				GCC_WARN_UNUSED_FUNCTION = YES;
				GCC_WARN_UNUSED_VARIABLE = YES;
				IPHONEOS_DEPLOYMENT_TARGET = 10.3;
				MTL_ENABLE_DEBUG_INFO = YES;
				ONLY_ACTIVE_ARCH = YES;
				SDKROOT = iphoneos;
				SWIFT_ACTIVE_COMPILATION_CONDITIONS = DEBUG;
				SWIFT_OPTIMIZATION_LEVEL = "-Onone";
				TARGETED_DEVICE_FAMILY = "1,2";
			};
			name = Debug;
		};
		7793A5AE1F3BD3C80085085B /* Release */ = {
			isa = XCBuildConfiguration;
			buildSettings = {
				ALWAYS_SEARCH_USER_PATHS = NO;
				CLANG_ANALYZER_NONNULL = YES;
				CLANG_ANALYZER_NUMBER_OBJECT_CONVERSION = YES_AGGRESSIVE;
				CLANG_CXX_LANGUAGE_STANDARD = "gnu++0x";
				CLANG_CXX_LIBRARY = "libc++";
				CLANG_ENABLE_MODULES = YES;
				CLANG_ENABLE_OBJC_ARC = YES;
				CLANG_WARN_BOOL_CONVERSION = YES;
				CLANG_WARN_CONSTANT_CONVERSION = YES;
				CLANG_WARN_DIRECT_OBJC_ISA_USAGE = YES_ERROR;
				CLANG_WARN_DOCUMENTATION_COMMENTS = YES;
				CLANG_WARN_EMPTY_BODY = YES;
				CLANG_WARN_ENUM_CONVERSION = YES;
				CLANG_WARN_INFINITE_RECURSION = YES;
				CLANG_WARN_INT_CONVERSION = YES;
				CLANG_WARN_OBJC_ROOT_CLASS = YES_ERROR;
				CLANG_WARN_SUSPICIOUS_MOVE = YES;
				CLANG_WARN_UNREACHABLE_CODE = YES;
				CLANG_WARN__DUPLICATE_METHOD_MATCH = YES;
				"CODE_SIGN_IDENTITY[sdk=iphoneos*]" = "iPhone Developer";
				COPY_PHASE_STRIP = NO;
				DEBUG_INFORMATION_FORMAT = "dwarf-with-dsym";
				ENABLE_NS_ASSERTIONS = NO;
				ENABLE_STRICT_OBJC_MSGSEND = YES;
				GCC_C_LANGUAGE_STANDARD = gnu99;
				GCC_NO_COMMON_BLOCKS = YES;
				GCC_WARN_64_TO_32_BIT_CONVERSION = YES;
				GCC_WARN_ABOUT_RETURN_TYPE = YES_ERROR;
				GCC_WARN_UNDECLARED_SELECTOR = YES;
				GCC_WARN_UNINITIALIZED_AUTOS = YES_AGGRESSIVE;
				GCC_WARN_UNUSED_FUNCTION = YES;
				GCC_WARN_UNUSED_VARIABLE = YES;
				IPHONEOS_DEPLOYMENT_TARGET = 10.3;
				MTL_ENABLE_DEBUG_INFO = NO;
				SDKROOT = iphoneos;
				SWIFT_OPTIMIZATION_LEVEL = "-Owholemodule";
				TARGETED_DEVICE_FAMILY = "1,2";
				VALIDATE_PRODUCT = YES;
			};
			name = Release;
		};
		7793A5B01F3BD3C80085085B /* Debug */ = {
			isa = XCBuildConfiguration;
			baseConfigurationReference = 18D70BDFABF7A6AAB6976E25 /* Pods-Streamism.debug.xcconfig */;
			buildSettings = {
				ASSETCATALOG_COMPILER_APPICON_NAME = AppIcon;
				CLANG_ENABLE_MODULES = YES;
				INFOPLIST_FILE = Streamism/Info.plist;
				LD_RUNPATH_SEARCH_PATHS = "$(inherited) @executable_path/Frameworks";
				PRODUCT_BUNDLE_IDENTIFIER = com.baultik.Streamism;
				PRODUCT_NAME = "$(TARGET_NAME)";
				SWIFT_OPTIMIZATION_LEVEL = "-Onone";
				SWIFT_SWIFT3_OBJC_INFERENCE = On;
				SWIFT_VERSION = 4.0;
			};
			name = Debug;
		};
		7793A5B11F3BD3C80085085B /* Release */ = {
			isa = XCBuildConfiguration;
			baseConfigurationReference = A9CF2D51E829ECE1697E332B /* Pods-Streamism.release.xcconfig */;
			buildSettings = {
				ASSETCATALOG_COMPILER_APPICON_NAME = AppIcon;
				CLANG_ENABLE_MODULES = YES;
				INFOPLIST_FILE = Streamism/Info.plist;
				LD_RUNPATH_SEARCH_PATHS = "$(inherited) @executable_path/Frameworks";
				PRODUCT_BUNDLE_IDENTIFIER = com.baultik.Streamism;
				PRODUCT_NAME = "$(TARGET_NAME)";
				SWIFT_SWIFT3_OBJC_INFERENCE = On;
				SWIFT_VERSION = 4.0;
			};
			name = Release;
		};
		7793A5B31F3BD3C80085085B /* Debug */ = {
			isa = XCBuildConfiguration;
			baseConfigurationReference = B2484B119999F179F5208FB4 /* Pods-StreamismTests.debug.xcconfig */;
			buildSettings = {
				ALWAYS_EMBED_SWIFT_STANDARD_LIBRARIES = YES;
				BUNDLE_LOADER = "$(TEST_HOST)";
				HEADER_SEARCH_PATHS = (
					"$(inherited)",
					"\"${PODS_ROOT}/Headers/Public\"",
					"\"${PODS_ROOT}/Headers/Public/Firebase\"",
					"\"${PODS_ROOT}/Headers/Public/FirebaseAnalytics\"",
					"\"${PODS_ROOT}/Headers/Public/FirebaseAuth\"",
					"\"${PODS_ROOT}/Headers/Public/FirebaseCore\"",
					"\"${PODS_ROOT}/Headers/Public/FirebaseDatabase\"",
					"\"${PODS_ROOT}/Headers/Public/FirebaseInstanceID\"",
					"\"${PODS_ROOT}/Firebase/Core/Sources\"",
				);
				INFOPLIST_FILE = StreamismTests/Info.plist;
				LD_RUNPATH_SEARCH_PATHS = "$(inherited) @executable_path/Frameworks @loader_path/Frameworks";
				PRODUCT_BUNDLE_IDENTIFIER = com.baultik.StreamismTests;
				PRODUCT_NAME = "$(TARGET_NAME)";
				SWIFT_VERSION = 3.0;
				TEST_HOST = "$(BUILT_PRODUCTS_DIR)/Streamism.app/Streamism";
			};
			name = Debug;
		};
		7793A5B41F3BD3C80085085B /* Release */ = {
			isa = XCBuildConfiguration;
			baseConfigurationReference = 129DAE19A9397C54A32D7E2E /* Pods-StreamismTests.release.xcconfig */;
			buildSettings = {
				ALWAYS_EMBED_SWIFT_STANDARD_LIBRARIES = YES;
				BUNDLE_LOADER = "$(TEST_HOST)";
				HEADER_SEARCH_PATHS = (
					"$(inherited)",
					"\"${PODS_ROOT}/Headers/Public\"",
					"\"${PODS_ROOT}/Headers/Public/Firebase\"",
					"\"${PODS_ROOT}/Headers/Public/FirebaseAnalytics\"",
					"\"${PODS_ROOT}/Headers/Public/FirebaseAuth\"",
					"\"${PODS_ROOT}/Headers/Public/FirebaseCore\"",
					"\"${PODS_ROOT}/Headers/Public/FirebaseDatabase\"",
					"\"${PODS_ROOT}/Headers/Public/FirebaseInstanceID\"",
					"\"${PODS_ROOT}/Firebase/Core/Sources\"",
				);
				INFOPLIST_FILE = StreamismTests/Info.plist;
				LD_RUNPATH_SEARCH_PATHS = "$(inherited) @executable_path/Frameworks @loader_path/Frameworks";
				PRODUCT_BUNDLE_IDENTIFIER = com.baultik.StreamismTests;
				PRODUCT_NAME = "$(TARGET_NAME)";
				SWIFT_VERSION = 3.0;
				TEST_HOST = "$(BUILT_PRODUCTS_DIR)/Streamism.app/Streamism";
			};
			name = Release;
		};
		7793A5B61F3BD3C80085085B /* Debug */ = {
			isa = XCBuildConfiguration;
			baseConfigurationReference = 4DF7373421CFE7E6D56A0EE9 /* Pods-StreamismUITests.debug.xcconfig */;
			buildSettings = {
				ALWAYS_EMBED_SWIFT_STANDARD_LIBRARIES = YES;
				INFOPLIST_FILE = StreamismUITests/Info.plist;
				LD_RUNPATH_SEARCH_PATHS = "$(inherited) @executable_path/Frameworks @loader_path/Frameworks";
				PRODUCT_BUNDLE_IDENTIFIER = com.baultik.StreamismUITests;
				PRODUCT_NAME = "$(TARGET_NAME)";
				SWIFT_VERSION = 3.0;
				TEST_TARGET_NAME = Streamism;
			};
			name = Debug;
		};
		7793A5B71F3BD3C80085085B /* Release */ = {
			isa = XCBuildConfiguration;
			baseConfigurationReference = 695A36D1DDB7C0E66318CF0C /* Pods-StreamismUITests.release.xcconfig */;
			buildSettings = {
				ALWAYS_EMBED_SWIFT_STANDARD_LIBRARIES = YES;
				INFOPLIST_FILE = StreamismUITests/Info.plist;
				LD_RUNPATH_SEARCH_PATHS = "$(inherited) @executable_path/Frameworks @loader_path/Frameworks";
				PRODUCT_BUNDLE_IDENTIFIER = com.baultik.StreamismUITests;
				PRODUCT_NAME = "$(TARGET_NAME)";
				SWIFT_VERSION = 3.0;
				TEST_TARGET_NAME = Streamism;
			};
			name = Release;
		};
/* End XCBuildConfiguration section */

/* Begin XCConfigurationList section */
		7793A5821F3BD3C80085085B /* Build configuration list for PBXProject "Streamism" */ = {
			isa = XCConfigurationList;
			buildConfigurations = (
				7793A5AD1F3BD3C80085085B /* Debug */,
				7793A5AE1F3BD3C80085085B /* Release */,
			);
			defaultConfigurationIsVisible = 0;
			defaultConfigurationName = Release;
		};
		7793A5AF1F3BD3C80085085B /* Build configuration list for PBXNativeTarget "Streamism" */ = {
			isa = XCConfigurationList;
			buildConfigurations = (
				7793A5B01F3BD3C80085085B /* Debug */,
				7793A5B11F3BD3C80085085B /* Release */,
			);
			defaultConfigurationIsVisible = 0;
			defaultConfigurationName = Release;
		};
		7793A5B21F3BD3C80085085B /* Build configuration list for PBXNativeTarget "StreamismTests" */ = {
			isa = XCConfigurationList;
			buildConfigurations = (
				7793A5B31F3BD3C80085085B /* Debug */,
				7793A5B41F3BD3C80085085B /* Release */,
			);
			defaultConfigurationIsVisible = 0;
			defaultConfigurationName = Release;
		};
		7793A5B51F3BD3C80085085B /* Build configuration list for PBXNativeTarget "StreamismUITests" */ = {
			isa = XCConfigurationList;
			buildConfigurations = (
				7793A5B61F3BD3C80085085B /* Debug */,
				7793A5B71F3BD3C80085085B /* Release */,
			);
			defaultConfigurationIsVisible = 0;
			defaultConfigurationName = Release;
		};
/* End XCConfigurationList section */
	};
	rootObject = 7793A57F1F3BD3C80085085B /* Project object */;
}
